# This file was autogenerated by Stack.
# You should not edit this file by hand.
# For more information, please see the documentation at:
#   https://docs.haskellstack.org/en/stable/lock_files

packages:
- completed:
    hackage: impure-containers-0.5.0@sha256:4f78422d481b3a399d8a4a8c5c28b3c51e628bc86b739abd9f75e59ecf995fd1,6635
    pantry-tree:
      size: 2612
      sha256: c4101ec91f6980b664f764e797dcd2d7fbac8190c5845157fd32f0995b868960
  original:
    hackage: impure-containers-0.5.0
- completed:
    hackage: STMonadTrans-0.4.4@sha256:437eec4fdf5f56e9cd4360e08ed7f8f9f5f02ff3f1d634a14dbc71e890035387,1946
    pantry-tree:
      size: 403
      sha256: 60c7ae0e1d9efb768ed969eda689adef56385712403e97ac2440ff7410216234
  original:
    hackage: STMonadTrans-0.4.4
snapshots:
- completed:
    size: 524786
    url: https://raw.githubusercontent.com/commercialhaskell/stackage-snapshots/master/lts/14/11.yaml
    sha256: 088bb91b545839510a41ae92fa5feb36779ef3529571a42bd12b9f51eb89ded3
  original: lts-14.11
